
Microsoft Visual Studio Solution File, Format Version 12.00
# Visual Studio Version 17
VisualStudioVersion = 17.8.34322.80
MinimumVisualStudioVersion = 10.0.40219.1
Project("{FAE04EC0-301F-11D3-BF4B-00C04F79EFBC}") = "ReequipWeaponUponRecovery", "ReequipWeaponUponRecovery.csproj", "{AFCC4515-5D37-46A6-A86A-85151E8332BF}"
EndProject
Project("{2150E333-8FDC-42A3-9474-1A3956D46DE8}") = "Assemblies", "Assemblies", "{B4B7B3A4-9333-41CE-B3A2-8E0A7B5997C4}"
EndProject
Project("{2150E333-8FDC-42A3-9474-1A3956D46DE8}") = "About", "About", "{74A5EB6A-49FE-4346-9C0D-7F069937A310}"
	ProjectSection(SolutionItems) = preProject
		About\About.xml = About\About.xml
	EndProjectSection
EndProject
Project("{2150E333-8FDC-42A3-9474-1A3956D46DE8}") = "Solution Items", "Solution Items", "{9A3A03C8-91D5-4918-BB8D-0E867F6BB723}"
	ProjectSection(SolutionItems) = preProject
		README.md = README.md
	EndProjectSection
EndProject
Global
	GlobalSection(SolutionConfigurationPlatforms) = preSolution
		Debug|Any CPU = Debug|Any CPU
		Release|Any CPU = Release|Any CPU
	EndGlobalSection
	GlobalSection(ProjectConfigurationPlatforms) = postSolution
		{AFCC4515-5D37-46A6-A86A-85151E8332BF}.Debug|Any CPU.ActiveCfg = Debug|Any CPU
		{AFCC4515-5D37-46A6-A86A-85151E8332BF}.Debug|Any CPU.Build.0 = Debug|Any CPU
		{AFCC4515-5D37-46A6-A86A-85151E8332BF}.Release|Any CPU.ActiveCfg = Release|Any CPU
		{AFCC4515-5D37-46A6-A86A-85151E8332BF}.Release|Any CPU.Build.0 = Release|Any CPU
	EndGlobalSection
	GlobalSection(SolutionProperties) = preSolution
		HideSolutionNode = FALSE
	EndGlobalSection
	GlobalSection(NestedProjects) = preSolution
		{B4B7B3A4-9333-41CE-B3A2-8E0A7B5997C4} = {9A3A03C8-91D5-4918-BB8D-0E867F6BB723}
		{74A5EB6A-49FE-4346-9C0D-7F069937A310} = {9A3A03C8-91D5-4918-BB8D-0E867F6BB723}
	EndGlobalSection
	GlobalSection(ExtensibilityGlobals) = postSolution
		SolutionGuid = {FF188CEF-554C-44F4-AC5E-E498C446B183}
	EndGlobalSection
EndGlobal
